
Microsoft Visual Studio Solution File, Format Version 12.00
# Visual Studio 14
VisualStudioVersion = 14.0.25420.1
MinimumVisualStudioVersion = 10.0.40219.1
Project("{FAE04EC0-301F-11D3-BF4B-00C04F79EFBC}") = "Human_Resources_Information.UI", "Human_Resources_Information\Human_Resources_Information.UI.csproj", "{32106DE9-ECEB-42AE-A66B-7B1AB34C17E5}"
EndProject
Project("{FAE04EC0-301F-11D3-BF4B-00C04F79EFBC}") = "Human_Resources_Information.Data", "Human_Resources_Information.Data\Human_Resources_Information.Data.csproj", "{DCAD67E4-1BE0-402F-A203-A911F7FA7B56}"
EndProject
Project("{FAE04EC0-301F-11D3-BF4B-00C04F79EFBC}") = "Human_Resources_Information.Store", "Human_Resources_Information.Store\Human_Resources_Information.Store.csproj", "{E6588278-783C-4649-9BD7-E0BC17C9D9C6}"
EndProject
Project("{FAE04EC0-301F-11D3-BF4B-00C04F79EFBC}") = "Human_Resources_Information.Business", "Human_Resources_Information.Business\Human_Resources_Information.Business.csproj", "{80AD0BF3-86A7-477E-9951-5D57E9687859}"
EndProject
Global
	GlobalSection(SolutionConfigurationPlatforms) = preSolution
		Debug|Any CPU = Debug|Any CPU
		Release|Any CPU = Release|Any CPU
	EndGlobalSection
	GlobalSection(ProjectConfigurationPlatforms) = postSolution
		{32106DE9-ECEB-42AE-A66B-7B1AB34C17E5}.Debug|Any CPU.ActiveCfg = Debug|Any CPU
		{32106DE9-ECEB-42AE-A66B-7B1AB34C17E5}.Debug|Any CPU.Build.0 = Debug|Any CPU
		{32106DE9-ECEB-42AE-A66B-7B1AB34C17E5}.Release|Any CPU.ActiveCfg = Release|Any CPU
		{32106DE9-ECEB-42AE-A66B-7B1AB34C17E5}.Release|Any CPU.Build.0 = Release|Any CPU
		{DCAD67E4-1BE0-402F-A203-A911F7FA7B56}.Debug|Any CPU.ActiveCfg = Debug|Any CPU
		{DCAD67E4-1BE0-402F-A203-A911F7FA7B56}.Debug|Any CPU.Build.0 = Debug|Any CPU
		{DCAD67E4-1BE0-402F-A203-A911F7FA7B56}.Release|Any CPU.ActiveCfg = Release|Any CPU
		{DCAD67E4-1BE0-402F-A203-A911F7FA7B56}.Release|Any CPU.Build.0 = Release|Any CPU
		{E6588278-783C-4649-9BD7-E0BC17C9D9C6}.Debug|Any CPU.ActiveCfg = Debug|Any CPU
		{E6588278-783C-4649-9BD7-E0BC17C9D9C6}.Debug|Any CPU.Build.0 = Debug|Any CPU
		{E6588278-783C-4649-9BD7-E0BC17C9D9C6}.Release|Any CPU.ActiveCfg = Release|Any CPU
		{E6588278-783C-4649-9BD7-E0BC17C9D9C6}.Release|Any CPU.Build.0 = Release|Any CPU
		{80AD0BF3-86A7-477E-9951-5D57E9687859}.Debug|Any CPU.ActiveCfg = Debug|Any CPU
		{80AD0BF3-86A7-477E-9951-5D57E9687859}.Debug|Any CPU.Build.0 = Debug|Any CPU
		{80AD0BF3-86A7-477E-9951-5D57E9687859}.Release|Any CPU.ActiveCfg = Release|Any CPU
		{80AD0BF3-86A7-477E-9951-5D57E9687859}.Release|Any CPU.Build.0 = Release|Any CPU
	EndGlobalSection
	GlobalSection(SolutionProperties) = preSolution
		HideSolutionNode = FALSE
	EndGlobalSection
EndGlobal
